
Microsoft Visual Studio Solution File, Format Version 12.00
# Visual Studio Version 17
VisualStudioVersion = 17.0.31903.59
MinimumVisualStudioVersion = 10.0.40219.1
Project("{FAE04EC0-301F-11D3-BF4B-00C04F79EFBC}") = "task14tests", "task14tests\task14tests.csproj", "{9A115B5D-FABC-4E2D-B57B-64608E8550D1}"
EndProject
Project("{FAE04EC0-301F-11D3-BF4B-00C04F79EFBC}") = "task14", "task14\task14.csproj", "{3148F000-65D5-45E2-A293-36F2A3551E57}"
EndProject
Global
	GlobalSection(SolutionConfigurationPlatforms) = preSolution
		Debug|Any CPU = Debug|Any CPU
		Release|Any CPU = Release|Any CPU
	EndGlobalSection
	GlobalSection(SolutionProperties) = preSolution
		HideSolutionNode = FALSE
	EndGlobalSection
	GlobalSection(ProjectConfigurationPlatforms) = postSolution
		{9A115B5D-FABC-4E2D-B57B-64608E8550D1}.Debug|Any CPU.ActiveCfg = Debug|Any CPU
		{9A115B5D-FABC-4E2D-B57B-64608E8550D1}.Debug|Any CPU.Build.0 = Debug|Any CPU
		{9A115B5D-FABC-4E2D-B57B-64608E8550D1}.Release|Any CPU.ActiveCfg = Release|Any CPU
		{9A115B5D-FABC-4E2D-B57B-64608E8550D1}.Release|Any CPU.Build.0 = Release|Any CPU
		{3148F000-65D5-45E2-A293-36F2A3551E57}.Debug|Any CPU.ActiveCfg = Debug|Any CPU
		{3148F000-65D5-45E2-A293-36F2A3551E57}.Debug|Any CPU.Build.0 = Debug|Any CPU
		{3148F000-65D5-45E2-A293-36F2A3551E57}.Release|Any CPU.ActiveCfg = Release|Any CPU
		{3148F000-65D5-45E2-A293-36F2A3551E57}.Release|Any CPU.Build.0 = Release|Any CPU
	EndGlobalSection
EndGlobal
